Microsoft Visual Studio Solution File, Format Version 12.00
# Visual Studio Version 17
VisualStudioVersion = 17.0.31903.59
MinimumVisualStudioVersion = 10.0.40219.1
Project("{FAE04EC0-301F-11D3-BF4B-00C04F79EFBC}") = "GasGiantNet", "GasGiantNet\GasGiantNet.csproj", "{9E337672-8C8A-4ED4-9FDE-1391C96CFC7D}"
EndProject
Global
    GlobalSection(SolutionConfigurationPlatforms) = preSolution
        Debug|Any CPU = Debug|Any CPU
        Release|Any CPU = Release|Any CPU
        Debug|linux/amd64 = Debug|linux/amd64
        Release|linux/amd64 = Release|linux/amd64
    EndGlobalSection
    GlobalSection(ProjectConfigurationPlatforms) = postSolution
        {9E337672-8C8A-4ED4-9FDE-1391C96CFC7D}.Debug|Any CPU.ActiveCfg = Debug|Any CPU
        {9E337672-8C8A-4ED4-9FDE-1391C96CFC7D}.Debug|Any CPU.Build.0 = Debug|Any CPU
        {9E337672-8C8A-4ED4-9FDE-1391C96CFC7D}.Release|Any CPU.ActiveCfg = Release|Any CPU
        {9E337672-8C8A-4ED4-9FDE-1391C96CFC7D}.Release|Any CPU.Build.0 = Release|Any CPU
        {9E337672-8C8A-4ED4-9FDE-1391C96CFC7D}.Debug|linux/amd64.ActiveCfg = Debug|Any CPU
        {9E337672-8C8A-4ED4-9FDE-1391C96CFC7D}.Debug|linux/amd64.Build.0 = Debug|Any CPU
        {9E337672-8C8A-4ED4-9FDE-1391C96CFC7D}.Release|linux/amd64.ActiveCfg = Release|Any CPU
        {9E337672-8C8A-4ED4-9FDE-1391C96CFC7D}.Release|linux/amd64.Build.0 = Release|Any CPU
    EndGlobalSection
EndGlobal
